
Microsoft Visual Studio Solution File, Format Version 12.00
# Visual Studio Version 17
VisualStudioVersion = 17.7.34024.191
MinimumVisualStudioVersion = 10.0.40219.1
Project("{FAE04EC0-301F-11D3-BF4B-00C04F79EFBC}") = "static_method", "static_method\static_method.csproj", "{1C8DD142-CBD7-4F30-A96C-8F5D25FB3B27}"
EndProject
Global
	GlobalSection(SolutionConfigurationPlatforms) = preSolution
		Debug|Any CPU = Debug|Any CPU
		Release|Any CPU = Release|Any CPU
	EndGlobalSection
	GlobalSection(ProjectConfigurationPlatforms) = postSolution
		{1C8DD142-CBD7-4F30-A96C-8F5D25FB3B27}.Debug|Any CPU.ActiveCfg = Debug|Any CPU
		{1C8DD142-CBD7-4F30-A96C-8F5D25FB3B27}.Debug|Any CPU.Build.0 = Debug|Any CPU
		{1C8DD142-CBD7-4F30-A96C-8F5D25FB3B27}.Release|Any CPU.ActiveCfg = Release|Any CPU
		{1C8DD142-CBD7-4F30-A96C-8F5D25FB3B27}.Release|Any CPU.Build.0 = Release|Any CPU
	EndGlobalSection
	GlobalSection(SolutionProperties) = preSolution
		HideSolutionNode = FALSE
	EndGlobalSection
	GlobalSection(ExtensibilityGlobals) = postSolution
		SolutionGuid = {0B241C9F-2762-4F05-88F8-9F7D0F95BBDD}
	EndGlobalSection
EndGlobal
