
Microsoft Visual Studio Solution File, Format Version 12.00
# Visual Studio Version 17
VisualStudioVersion = 17.7.34024.191
MinimumVisualStudioVersion = 10.0.40219.1
Project("{FAE04EC0-301F-11D3-BF4B-00C04F79EFBC}") = "pattern5", "pattern5\pattern5.csproj", "{CF034CB3-9BBB-4738-995C-1EF581817510}"
EndProject
Global
	GlobalSection(SolutionConfigurationPlatforms) = preSolution
		Debug|Any CPU = Debug|Any CPU
		Release|Any CPU = Release|Any CPU
	EndGlobalSection
	GlobalSection(ProjectConfigurationPlatforms) = postSolution
		{CF034CB3-9BBB-4738-995C-1EF581817510}.Debug|Any CPU.ActiveCfg = Debug|Any CPU
		{CF034CB3-9BBB-4738-995C-1EF581817510}.Debug|Any CPU.Build.0 = Debug|Any CPU
		{CF034CB3-9BBB-4738-995C-1EF581817510}.Release|Any CPU.ActiveCfg = Release|Any CPU
		{CF034CB3-9BBB-4738-995C-1EF581817510}.Release|Any CPU.Build.0 = Release|Any CPU
	EndGlobalSection
	GlobalSection(SolutionProperties) = preSolution
		HideSolutionNode = FALSE
	EndGlobalSection
	GlobalSection(ExtensibilityGlobals) = postSolution
		SolutionGuid = {B1CDE432-2857-409C-B754-2012B32D6691}
	EndGlobalSection
EndGlobal
