
Microsoft Visual Studio Solution File, Format Version 12.00
# Visual Studio Version 17
VisualStudioVersion = 17.7.34024.191
MinimumVisualStudioVersion = 10.0.40219.1
Project("{FAE04EC0-301F-11D3-BF4B-00C04F79EFBC}") = "sum_of_the_series", "sum_of_the_series\sum_of_the_series.csproj", "{968C3755-8B26-4BD6-9E73-9934299B6AB9}"
EndProject
Global
	GlobalSection(SolutionConfigurationPlatforms) = preSolution
		Debug|Any CPU = Debug|Any CPU
		Release|Any CPU = Release|Any CPU
	EndGlobalSection
	GlobalSection(ProjectConfigurationPlatforms) = postSolution
		{968C3755-8B26-4BD6-9E73-9934299B6AB9}.Debug|Any CPU.ActiveCfg = Debug|Any CPU
		{968C3755-8B26-4BD6-9E73-9934299B6AB9}.Debug|Any CPU.Build.0 = Debug|Any CPU
		{968C3755-8B26-4BD6-9E73-9934299B6AB9}.Release|Any CPU.ActiveCfg = Release|Any CPU
		{968C3755-8B26-4BD6-9E73-9934299B6AB9}.Release|Any CPU.Build.0 = Release|Any CPU
	EndGlobalSection
	GlobalSection(SolutionProperties) = preSolution
		HideSolutionNode = FALSE
	EndGlobalSection
	GlobalSection(ExtensibilityGlobals) = postSolution
		SolutionGuid = {E1AC1BE3-1E7B-416C-8226-D586B493E686}
	EndGlobalSection
EndGlobal
