
Microsoft Visual Studio Solution File, Format Version 12.00
# Visual Studio Version 17
VisualStudioVersion = 17.7.34024.191
MinimumVisualStudioVersion = 10.0.40219.1
Project("{FAE04EC0-301F-11D3-BF4B-00C04F79EFBC}") = "pyramid_with_number", "pyramid_with_number\pyramid_with_number.csproj", "{8DB0BD82-980C-4D6C-B4B4-124BE2C4F8F9}"
EndProject
Global
	GlobalSection(SolutionConfigurationPlatforms) = preSolution
		Debug|Any CPU = Debug|Any CPU
		Release|Any CPU = Release|Any CPU
	EndGlobalSection
	GlobalSection(ProjectConfigurationPlatforms) = postSolution
		{8DB0BD82-980C-4D6C-B4B4-124BE2C4F8F9}.Debug|Any CPU.ActiveCfg = Debug|Any CPU
		{8DB0BD82-980C-4D6C-B4B4-124BE2C4F8F9}.Debug|Any CPU.Build.0 = Debug|Any CPU
		{8DB0BD82-980C-4D6C-B4B4-124BE2C4F8F9}.Release|Any CPU.ActiveCfg = Release|Any CPU
		{8DB0BD82-980C-4D6C-B4B4-124BE2C4F8F9}.Release|Any CPU.Build.0 = Release|Any CPU
	EndGlobalSection
	GlobalSection(SolutionProperties) = preSolution
		HideSolutionNode = FALSE
	EndGlobalSection
	GlobalSection(ExtensibilityGlobals) = postSolution
		SolutionGuid = {D0966FD9-A224-47DA-98A1-E362B6878F1C}
	EndGlobalSection
EndGlobal
