
Microsoft Visual Studio Solution File, Format Version 12.00
# Visual Studio Version 17
VisualStudioVersion = 17.7.34024.191
MinimumVisualStudioVersion = 10.0.40219.1
Project("{FAE04EC0-301F-11D3-BF4B-00C04F79EFBC}") = "arithmetic_operations", "arithmetic_operations\arithmetic_operations.csproj", "{ED10FB79-4773-4257-93A5-813695C58468}"
EndProject
Global
	GlobalSection(SolutionConfigurationPlatforms) = preSolution
		Debug|Any CPU = Debug|Any CPU
		Release|Any CPU = Release|Any CPU
	EndGlobalSection
	GlobalSection(ProjectConfigurationPlatforms) = postSolution
		{ED10FB79-4773-4257-93A5-813695C58468}.Debug|Any CPU.ActiveCfg = Debug|Any CPU
		{ED10FB79-4773-4257-93A5-813695C58468}.Debug|Any CPU.Build.0 = Debug|Any CPU
		{ED10FB79-4773-4257-93A5-813695C58468}.Release|Any CPU.ActiveCfg = Release|Any CPU
		{ED10FB79-4773-4257-93A5-813695C58468}.Release|Any CPU.Build.0 = Release|Any CPU
	EndGlobalSection
	GlobalSection(SolutionProperties) = preSolution
		HideSolutionNode = FALSE
	EndGlobalSection
	GlobalSection(ExtensibilityGlobals) = postSolution
		SolutionGuid = {30BC0CDE-DDF0-4C9F-BA9D-38F660DE457D}
	EndGlobalSection
EndGlobal
