
Microsoft Visual Studio Solution File, Format Version 12.00
# Visual Studio Version 17
VisualStudioVersion = 17.7.34024.191
MinimumVisualStudioVersion = 10.0.40219.1
Project("{FAE04EC0-301F-11D3-BF4B-00C04F79EFBC}") = "merge_two_arrays", "merge_two_arrays\merge_two_arrays.csproj", "{BD6B18D0-EF86-4145-9E2C-A42D01851635}"
EndProject
Global
	GlobalSection(SolutionConfigurationPlatforms) = preSolution
		Debug|Any CPU = Debug|Any CPU
		Release|Any CPU = Release|Any CPU
	EndGlobalSection
	GlobalSection(ProjectConfigurationPlatforms) = postSolution
		{BD6B18D0-EF86-4145-9E2C-A42D01851635}.Debug|Any CPU.ActiveCfg = Debug|Any CPU
		{BD6B18D0-EF86-4145-9E2C-A42D01851635}.Debug|Any CPU.Build.0 = Debug|Any CPU
		{BD6B18D0-EF86-4145-9E2C-A42D01851635}.Release|Any CPU.ActiveCfg = Release|Any CPU
		{BD6B18D0-EF86-4145-9E2C-A42D01851635}.Release|Any CPU.Build.0 = Release|Any CPU
	EndGlobalSection
	GlobalSection(SolutionProperties) = preSolution
		HideSolutionNode = FALSE
	EndGlobalSection
	GlobalSection(ExtensibilityGlobals) = postSolution
		SolutionGuid = {184C7537-CB46-49F0-84DF-590965FF25C0}
	EndGlobalSection
EndGlobal
