
Microsoft Visual Studio Solution File, Format Version 12.00
# Visual Studio Version 17
VisualStudioVersion = 17.7.34024.191
MinimumVisualStudioVersion = 10.0.40219.1
Project("{FAE04EC0-301F-11D3-BF4B-00C04F79EFBC}") = "Simple_Interest", "Simple_Interest\Simple_Interest.csproj", "{8EF5DAE2-7C15-4298-B46B-50A53DED8145}"
EndProject
Global
	GlobalSection(SolutionConfigurationPlatforms) = preSolution
		Debug|Any CPU = Debug|Any CPU
		Release|Any CPU = Release|Any CPU
	EndGlobalSection
	GlobalSection(ProjectConfigurationPlatforms) = postSolution
		{8EF5DAE2-7C15-4298-B46B-50A53DED8145}.Debug|Any CPU.ActiveCfg = Debug|Any CPU
		{8EF5DAE2-7C15-4298-B46B-50A53DED8145}.Debug|Any CPU.Build.0 = Debug|Any CPU
		{8EF5DAE2-7C15-4298-B46B-50A53DED8145}.Release|Any CPU.ActiveCfg = Release|Any CPU
		{8EF5DAE2-7C15-4298-B46B-50A53DED8145}.Release|Any CPU.Build.0 = Release|Any CPU
	EndGlobalSection
	GlobalSection(SolutionProperties) = preSolution
		HideSolutionNode = FALSE
	EndGlobalSection
	GlobalSection(ExtensibilityGlobals) = postSolution
		SolutionGuid = {C2E6355B-76A6-4E73-BDA1-9D014F831C9E}
	EndGlobalSection
EndGlobal
