
Microsoft Visual Studio Solution File, Format Version 12.00
# Visual Studio Version 17
VisualStudioVersion = 17.7.34024.191
MinimumVisualStudioVersion = 10.0.40219.1
Project("{FAE04EC0-301F-11D3-BF4B-00C04F79EFBC}") = "Fibonacci_numbers", "Fibonacci_numbers\Fibonacci_numbers.csproj", "{FE9547C0-7B51-4CC5-B48E-D68C2930FADB}"
EndProject
Global
	GlobalSection(SolutionConfigurationPlatforms) = preSolution
		Debug|Any CPU = Debug|Any CPU
		Release|Any CPU = Release|Any CPU
	EndGlobalSection
	GlobalSection(ProjectConfigurationPlatforms) = postSolution
		{FE9547C0-7B51-4CC5-B48E-D68C2930FADB}.Debug|Any CPU.ActiveCfg = Debug|Any CPU
		{FE9547C0-7B51-4CC5-B48E-D68C2930FADB}.Debug|Any CPU.Build.0 = Debug|Any CPU
		{FE9547C0-7B51-4CC5-B48E-D68C2930FADB}.Release|Any CPU.ActiveCfg = Release|Any CPU
		{FE9547C0-7B51-4CC5-B48E-D68C2930FADB}.Release|Any CPU.Build.0 = Release|Any CPU
	EndGlobalSection
	GlobalSection(SolutionProperties) = preSolution
		HideSolutionNode = FALSE
	EndGlobalSection
	GlobalSection(ExtensibilityGlobals) = postSolution
		SolutionGuid = {B26E4558-097A-42E2-B6A9-E44D06888131}
	EndGlobalSection
EndGlobal
