
Microsoft Visual Studio Solution File, Format Version 12.00
# Visual Studio Version 17
VisualStudioVersion = 17.7.34024.191
MinimumVisualStudioVersion = 10.0.40219.1
Project("{FAE04EC0-301F-11D3-BF4B-00C04F79EFBC}") = "maximum_and_minimum_element_in_an_array", "maximum_and_minimum_element_in_an_array\maximum_and_minimum_element_in_an_array.csproj", "{1E6FE5BD-914C-472A-9016-FE550AD0B74F}"
EndProject
Global
	GlobalSection(SolutionConfigurationPlatforms) = preSolution
		Debug|Any CPU = Debug|Any CPU
		Release|Any CPU = Release|Any CPU
	EndGlobalSection
	GlobalSection(ProjectConfigurationPlatforms) = postSolution
		{1E6FE5BD-914C-472A-9016-FE550AD0B74F}.Debug|Any CPU.ActiveCfg = Debug|Any CPU
		{1E6FE5BD-914C-472A-9016-FE550AD0B74F}.Debug|Any CPU.Build.0 = Debug|Any CPU
		{1E6FE5BD-914C-472A-9016-FE550AD0B74F}.Release|Any CPU.ActiveCfg = Release|Any CPU
		{1E6FE5BD-914C-472A-9016-FE550AD0B74F}.Release|Any CPU.Build.0 = Release|Any CPU
	EndGlobalSection
	GlobalSection(SolutionProperties) = preSolution
		HideSolutionNode = FALSE
	EndGlobalSection
	GlobalSection(ExtensibilityGlobals) = postSolution
		SolutionGuid = {26268965-C695-4B14-B95B-5B2898531214}
	EndGlobalSection
EndGlobal
