
Microsoft Visual Studio Solution File, Format Version 12.00
# Visual Studio Version 17
VisualStudioVersion = 17.7.34024.191
MinimumVisualStudioVersion = 10.0.40219.1
Project("{FAE04EC0-301F-11D3-BF4B-00C04F79EFBC}") = "pattern_like_pyramid", "pattern_like_pyramid\pattern_like_pyramid.csproj", "{8E25C1F5-DEE7-453F-B44E-246365611282}"
EndProject
Global
	GlobalSection(SolutionConfigurationPlatforms) = preSolution
		Debug|Any CPU = Debug|Any CPU
		Release|Any CPU = Release|Any CPU
	EndGlobalSection
	GlobalSection(ProjectConfigurationPlatforms) = postSolution
		{8E25C1F5-DEE7-453F-B44E-246365611282}.Debug|Any CPU.ActiveCfg = Debug|Any CPU
		{8E25C1F5-DEE7-453F-B44E-246365611282}.Debug|Any CPU.Build.0 = Debug|Any CPU
		{8E25C1F5-DEE7-453F-B44E-246365611282}.Release|Any CPU.ActiveCfg = Release|Any CPU
		{8E25C1F5-DEE7-453F-B44E-246365611282}.Release|Any CPU.Build.0 = Release|Any CPU
	EndGlobalSection
	GlobalSection(SolutionProperties) = preSolution
		HideSolutionNode = FALSE
	EndGlobalSection
	GlobalSection(ExtensibilityGlobals) = postSolution
		SolutionGuid = {2281C8CA-D1CB-42F9-9CF7-9676126868B4}
	EndGlobalSection
EndGlobal
