
Microsoft Visual Studio Solution File, Format Version 12.00
# Visual Studio Version 17
VisualStudioVersion = 17.7.34024.191
MinimumVisualStudioVersion = 10.0.40219.1
Project("{FAE04EC0-301F-11D3-BF4B-00C04F79EFBC}") = "pattern2", "pattern2\pattern2.csproj", "{DFBA1FD9-7550-492A-B8D5-8CC95471CE1B}"
EndProject
Global
	GlobalSection(SolutionConfigurationPlatforms) = preSolution
		Debug|Any CPU = Debug|Any CPU
		Release|Any CPU = Release|Any CPU
	EndGlobalSection
	GlobalSection(ProjectConfigurationPlatforms) = postSolution
		{DFBA1FD9-7550-492A-B8D5-8CC95471CE1B}.Debug|Any CPU.ActiveCfg = Debug|Any CPU
		{DFBA1FD9-7550-492A-B8D5-8CC95471CE1B}.Debug|Any CPU.Build.0 = Debug|Any CPU
		{DFBA1FD9-7550-492A-B8D5-8CC95471CE1B}.Release|Any CPU.ActiveCfg = Release|Any CPU
		{DFBA1FD9-7550-492A-B8D5-8CC95471CE1B}.Release|Any CPU.Build.0 = Release|Any CPU
	EndGlobalSection
	GlobalSection(SolutionProperties) = preSolution
		HideSolutionNode = FALSE
	EndGlobalSection
	GlobalSection(ExtensibilityGlobals) = postSolution
		SolutionGuid = {C49518A9-28BD-4D0C-AA16-109F27AB22C5}
	EndGlobalSection
EndGlobal
