
Microsoft Visual Studio Solution File, Format Version 12.00
# Visual Studio Version 17
VisualStudioVersion = 17.7.34024.191
MinimumVisualStudioVersion = 10.0.40219.1
Project("{FAE04EC0-301F-11D3-BF4B-00C04F79EFBC}") = "series3", "series3\series3.csproj", "{58B583D0-EAA8-4EB1-971B-EF1D75E763D7}"
EndProject
Global
	GlobalSection(SolutionConfigurationPlatforms) = preSolution
		Debug|Any CPU = Debug|Any CPU
		Release|Any CPU = Release|Any CPU
	EndGlobalSection
	GlobalSection(ProjectConfigurationPlatforms) = postSolution
		{58B583D0-EAA8-4EB1-971B-EF1D75E763D7}.Debug|Any CPU.ActiveCfg = Debug|Any CPU
		{58B583D0-EAA8-4EB1-971B-EF1D75E763D7}.Debug|Any CPU.Build.0 = Debug|Any CPU
		{58B583D0-EAA8-4EB1-971B-EF1D75E763D7}.Release|Any CPU.ActiveCfg = Release|Any CPU
		{58B583D0-EAA8-4EB1-971B-EF1D75E763D7}.Release|Any CPU.Build.0 = Release|Any CPU
	EndGlobalSection
	GlobalSection(SolutionProperties) = preSolution
		HideSolutionNode = FALSE
	EndGlobalSection
	GlobalSection(ExtensibilityGlobals) = postSolution
		SolutionGuid = {8D78825E-48AB-4AD9-B854-B4C19A9C4532}
	EndGlobalSection
EndGlobal
