
Microsoft Visual Studio Solution File, Format Version 12.00
# Visual Studio Version 17
VisualStudioVersion = 17.7.34024.191
MinimumVisualStudioVersion = 10.0.40219.1
Project("{FAE04EC0-301F-11D3-BF4B-00C04F79EFBC}") = "string_in_reverse_order", "string_in_reverse_order\string_in_reverse_order.csproj", "{0E07C714-43B8-4578-9BE5-074D710CEA47}"
EndProject
Global
	GlobalSection(SolutionConfigurationPlatforms) = preSolution
		Debug|Any CPU = Debug|Any CPU
		Release|Any CPU = Release|Any CPU
	EndGlobalSection
	GlobalSection(ProjectConfigurationPlatforms) = postSolution
		{0E07C714-43B8-4578-9BE5-074D710CEA47}.Debug|Any CPU.ActiveCfg = Debug|Any CPU
		{0E07C714-43B8-4578-9BE5-074D710CEA47}.Debug|Any CPU.Build.0 = Debug|Any CPU
		{0E07C714-43B8-4578-9BE5-074D710CEA47}.Release|Any CPU.ActiveCfg = Release|Any CPU
		{0E07C714-43B8-4578-9BE5-074D710CEA47}.Release|Any CPU.Build.0 = Release|Any CPU
	EndGlobalSection
	GlobalSection(SolutionProperties) = preSolution
		HideSolutionNode = FALSE
	EndGlobalSection
	GlobalSection(ExtensibilityGlobals) = postSolution
		SolutionGuid = {432BF364-D2AA-4FC3-BD38-3C29FDD56A86}
	EndGlobalSection
EndGlobal
