
Microsoft Visual Studio Solution File, Format Version 12.00
# Visual Studio Version 17
VisualStudioVersion = 17.7.34024.191
MinimumVisualStudioVersion = 10.0.40219.1
Project("{FAE04EC0-301F-11D3-BF4B-00C04F79EFBC}") = "method_overriding", "method_overriding\method_overriding.csproj", "{199700D9-2C2E-4ECD-A700-8DA0973331EB}"
EndProject
Global
	GlobalSection(SolutionConfigurationPlatforms) = preSolution
		Debug|Any CPU = Debug|Any CPU
		Release|Any CPU = Release|Any CPU
	EndGlobalSection
	GlobalSection(ProjectConfigurationPlatforms) = postSolution
		{199700D9-2C2E-4ECD-A700-8DA0973331EB}.Debug|Any CPU.ActiveCfg = Debug|Any CPU
		{199700D9-2C2E-4ECD-A700-8DA0973331EB}.Debug|Any CPU.Build.0 = Debug|Any CPU
		{199700D9-2C2E-4ECD-A700-8DA0973331EB}.Release|Any CPU.ActiveCfg = Release|Any CPU
		{199700D9-2C2E-4ECD-A700-8DA0973331EB}.Release|Any CPU.Build.0 = Release|Any CPU
	EndGlobalSection
	GlobalSection(SolutionProperties) = preSolution
		HideSolutionNode = FALSE
	EndGlobalSection
	GlobalSection(ExtensibilityGlobals) = postSolution
		SolutionGuid = {B1297A56-373A-4567-AF1A-9BDCB9BFFE63}
	EndGlobalSection
EndGlobal
