
Microsoft Visual Studio Solution File, Format Version 12.00
# Visual Studio Version 17
VisualStudioVersion = 17.7.34024.191
MinimumVisualStudioVersion = 10.0.40219.1
Project("{FAE04EC0-301F-11D3-BF4B-00C04F79EFBC}") = "pattern3", "pattern3\pattern3.csproj", "{1196A1B6-EF91-44BC-A7B3-2B555E304381}"
EndProject
Global
	GlobalSection(SolutionConfigurationPlatforms) = preSolution
		Debug|Any CPU = Debug|Any CPU
		Release|Any CPU = Release|Any CPU
	EndGlobalSection
	GlobalSection(ProjectConfigurationPlatforms) = postSolution
		{1196A1B6-EF91-44BC-A7B3-2B555E304381}.Debug|Any CPU.ActiveCfg = Debug|Any CPU
		{1196A1B6-EF91-44BC-A7B3-2B555E304381}.Debug|Any CPU.Build.0 = Debug|Any CPU
		{1196A1B6-EF91-44BC-A7B3-2B555E304381}.Release|Any CPU.ActiveCfg = Release|Any CPU
		{1196A1B6-EF91-44BC-A7B3-2B555E304381}.Release|Any CPU.Build.0 = Release|Any CPU
	EndGlobalSection
	GlobalSection(SolutionProperties) = preSolution
		HideSolutionNode = FALSE
	EndGlobalSection
	GlobalSection(ExtensibilityGlobals) = postSolution
		SolutionGuid = {5648092D-C144-4CD8-A7D9-F8C89ADAAB06}
	EndGlobalSection
EndGlobal
