
Microsoft Visual Studio Solution File, Format Version 12.00
# Visual Studio Version 17
VisualStudioVersion = 17.7.34024.191
MinimumVisualStudioVersion = 10.0.40219.1
Project("{FAE04EC0-301F-11D3-BF4B-00C04F79EFBC}") = "Palindrome_number", "Palindrome_number\Palindrome_number.csproj", "{A6EA088D-3CFA-4690-ADFB-0A5BA9483488}"
EndProject
Global
	GlobalSection(SolutionConfigurationPlatforms) = preSolution
		Debug|Any CPU = Debug|Any CPU
		Release|Any CPU = Release|Any CPU
	EndGlobalSection
	GlobalSection(ProjectConfigurationPlatforms) = postSolution
		{A6EA088D-3CFA-4690-ADFB-0A5BA9483488}.Debug|Any CPU.ActiveCfg = Debug|Any CPU
		{A6EA088D-3CFA-4690-ADFB-0A5BA9483488}.Debug|Any CPU.Build.0 = Debug|Any CPU
		{A6EA088D-3CFA-4690-ADFB-0A5BA9483488}.Release|Any CPU.ActiveCfg = Release|Any CPU
		{A6EA088D-3CFA-4690-ADFB-0A5BA9483488}.Release|Any CPU.Build.0 = Release|Any CPU
	EndGlobalSection
	GlobalSection(SolutionProperties) = preSolution
		HideSolutionNode = FALSE
	EndGlobalSection
	GlobalSection(ExtensibilityGlobals) = postSolution
		SolutionGuid = {4F331621-2903-428D-8051-BB99A084ACDD}
	EndGlobalSection
EndGlobal
