
Microsoft Visual Studio Solution File, Format Version 12.00
# Visual Studio Version 17
VisualStudioVersion = 17.7.34024.191
MinimumVisualStudioVersion = 10.0.40219.1
Project("{FAE04EC0-301F-11D3-BF4B-00C04F79EFBC}") = "store_elements_in_an_array", "store_elements_in_an_array\store_elements_in_an_array.csproj", "{87F32D4B-E7BD-40D8-B15C-87909A8A5C03}"
EndProject
Global
	GlobalSection(SolutionConfigurationPlatforms) = preSolution
		Debug|Any CPU = Debug|Any CPU
		Release|Any CPU = Release|Any CPU
	EndGlobalSection
	GlobalSection(ProjectConfigurationPlatforms) = postSolution
		{87F32D4B-E7BD-40D8-B15C-87909A8A5C03}.Debug|Any CPU.ActiveCfg = Debug|Any CPU
		{87F32D4B-E7BD-40D8-B15C-87909A8A5C03}.Debug|Any CPU.Build.0 = Debug|Any CPU
		{87F32D4B-E7BD-40D8-B15C-87909A8A5C03}.Release|Any CPU.ActiveCfg = Release|Any CPU
		{87F32D4B-E7BD-40D8-B15C-87909A8A5C03}.Release|Any CPU.Build.0 = Release|Any CPU
	EndGlobalSection
	GlobalSection(SolutionProperties) = preSolution
		HideSolutionNode = FALSE
	EndGlobalSection
	GlobalSection(ExtensibilityGlobals) = postSolution
		SolutionGuid = {D30A13B0-35FA-4CEE-9075-ABDBCBA721B6}
	EndGlobalSection
EndGlobal
