
Microsoft Visual Studio Solution File, Format Version 12.00
# Visual Studio Version 17
VisualStudioVersion = 17.7.34024.191
MinimumVisualStudioVersion = 10.0.40219.1
Project("{FAE04EC0-301F-11D3-BF4B-00C04F79EFBC}") = "array_elements", "array_elements\array_elements.csproj", "{B8754739-E23D-47D9-899C-694878538F0E}"
EndProject
Global
	GlobalSection(SolutionConfigurationPlatforms) = preSolution
		Debug|Any CPU = Debug|Any CPU
		Release|Any CPU = Release|Any CPU
	EndGlobalSection
	GlobalSection(ProjectConfigurationPlatforms) = postSolution
		{B8754739-E23D-47D9-899C-694878538F0E}.Debug|Any CPU.ActiveCfg = Debug|Any CPU
		{B8754739-E23D-47D9-899C-694878538F0E}.Debug|Any CPU.Build.0 = Debug|Any CPU
		{B8754739-E23D-47D9-899C-694878538F0E}.Release|Any CPU.ActiveCfg = Release|Any CPU
		{B8754739-E23D-47D9-899C-694878538F0E}.Release|Any CPU.Build.0 = Release|Any CPU
	EndGlobalSection
	GlobalSection(SolutionProperties) = preSolution
		HideSolutionNode = FALSE
	EndGlobalSection
	GlobalSection(ExtensibilityGlobals) = postSolution
		SolutionGuid = {2ACC41A8-CD47-4601-95C8-DB0C5575BC0F}
	EndGlobalSection
EndGlobal
