
Microsoft Visual Studio Solution File, Format Version 12.00
# Visual Studio Version 17
VisualStudioVersion = 17.7.34024.191
MinimumVisualStudioVersion = 10.0.40219.1
Project("{FAE04EC0-301F-11D3-BF4B-00C04F79EFBC}") = "prime_numbers", "prime_numbers\prime_numbers.csproj", "{7EDA86C7-89D5-413C-82C0-478FA4F183C6}"
EndProject
Global
	GlobalSection(SolutionConfigurationPlatforms) = preSolution
		Debug|Any CPU = Debug|Any CPU
		Release|Any CPU = Release|Any CPU
	EndGlobalSection
	GlobalSection(ProjectConfigurationPlatforms) = postSolution
		{7EDA86C7-89D5-413C-82C0-478FA4F183C6}.Debug|Any CPU.ActiveCfg = Debug|Any CPU
		{7EDA86C7-89D5-413C-82C0-478FA4F183C6}.Debug|Any CPU.Build.0 = Debug|Any CPU
		{7EDA86C7-89D5-413C-82C0-478FA4F183C6}.Release|Any CPU.ActiveCfg = Release|Any CPU
		{7EDA86C7-89D5-413C-82C0-478FA4F183C6}.Release|Any CPU.Build.0 = Release|Any CPU
	EndGlobalSection
	GlobalSection(SolutionProperties) = preSolution
		HideSolutionNode = FALSE
	EndGlobalSection
	GlobalSection(ExtensibilityGlobals) = postSolution
		SolutionGuid = {3F8ADDC5-90D4-4DE0-92D5-89D660A315A9}
	EndGlobalSection
EndGlobal
