
Microsoft Visual Studio Solution File, Format Version 12.00
# Visual Studio Version 17
VisualStudioVersion = 17.7.34024.191
MinimumVisualStudioVersion = 10.0.40219.1
Project("{FAE04EC0-301F-11D3-BF4B-00C04F79EFBC}") = "call_class", "call_class\call_class.csproj", "{6E7B2E9B-15C4-4EBE-9E00-F99C137F558D}"
EndProject
Global
	GlobalSection(SolutionConfigurationPlatforms) = preSolution
		Debug|Any CPU = Debug|Any CPU
		Release|Any CPU = Release|Any CPU
	EndGlobalSection
	GlobalSection(ProjectConfigurationPlatforms) = postSolution
		{6E7B2E9B-15C4-4EBE-9E00-F99C137F558D}.Debug|Any CPU.ActiveCfg = Debug|Any CPU
		{6E7B2E9B-15C4-4EBE-9E00-F99C137F558D}.Debug|Any CPU.Build.0 = Debug|Any CPU
		{6E7B2E9B-15C4-4EBE-9E00-F99C137F558D}.Release|Any CPU.ActiveCfg = Release|Any CPU
		{6E7B2E9B-15C4-4EBE-9E00-F99C137F558D}.Release|Any CPU.Build.0 = Release|Any CPU
	EndGlobalSection
	GlobalSection(SolutionProperties) = preSolution
		HideSolutionNode = FALSE
	EndGlobalSection
	GlobalSection(ExtensibilityGlobals) = postSolution
		SolutionGuid = {703A9660-14B1-4668-83AF-B4E1E48C4184}
	EndGlobalSection
EndGlobal
