
Microsoft Visual Studio Solution File, Format Version 12.00
# Visual Studio Version 17
VisualStudioVersion = 17.7.34024.191
MinimumVisualStudioVersion = 10.0.40219.1
Project("{FAE04EC0-301F-11D3-BF4B-00C04F79EFBC}") = "Fibonacci_series", "Fibonacci_series\Fibonacci_series.csproj", "{DE7D2D70-F06B-4EAC-865D-8163E1B9EC97}"
EndProject
Global
	GlobalSection(SolutionConfigurationPlatforms) = preSolution
		Debug|Any CPU = Debug|Any CPU
		Release|Any CPU = Release|Any CPU
	EndGlobalSection
	GlobalSection(ProjectConfigurationPlatforms) = postSolution
		{DE7D2D70-F06B-4EAC-865D-8163E1B9EC97}.Debug|Any CPU.ActiveCfg = Debug|Any CPU
		{DE7D2D70-F06B-4EAC-865D-8163E1B9EC97}.Debug|Any CPU.Build.0 = Debug|Any CPU
		{DE7D2D70-F06B-4EAC-865D-8163E1B9EC97}.Release|Any CPU.ActiveCfg = Release|Any CPU
		{DE7D2D70-F06B-4EAC-865D-8163E1B9EC97}.Release|Any CPU.Build.0 = Release|Any CPU
	EndGlobalSection
	GlobalSection(SolutionProperties) = preSolution
		HideSolutionNode = FALSE
	EndGlobalSection
	GlobalSection(ExtensibilityGlobals) = postSolution
		SolutionGuid = {C05FC334-C59A-46DA-AB14-FD02FD47CF2D}
	EndGlobalSection
EndGlobal
