
Microsoft Visual Studio Solution File, Format Version 12.00
# Visual Studio Version 17
VisualStudioVersion = 17.7.34024.191
MinimumVisualStudioVersion = 10.0.40219.1
Project("{FAE04EC0-301F-11D3-BF4B-00C04F79EFBC}") = "harmonic_series_and_their_sum", "harmonic_series_and_their_sum\harmonic_series_and_their_sum.csproj", "{A56A5849-CF22-41AB-8B73-9D12D43B337C}"
EndProject
Global
	GlobalSection(SolutionConfigurationPlatforms) = preSolution
		Debug|Any CPU = Debug|Any CPU
		Release|Any CPU = Release|Any CPU
	EndGlobalSection
	GlobalSection(ProjectConfigurationPlatforms) = postSolution
		{A56A5849-CF22-41AB-8B73-9D12D43B337C}.Debug|Any CPU.ActiveCfg = Debug|Any CPU
		{A56A5849-CF22-41AB-8B73-9D12D43B337C}.Debug|Any CPU.Build.0 = Debug|Any CPU
		{A56A5849-CF22-41AB-8B73-9D12D43B337C}.Release|Any CPU.ActiveCfg = Release|Any CPU
		{A56A5849-CF22-41AB-8B73-9D12D43B337C}.Release|Any CPU.Build.0 = Release|Any CPU
	EndGlobalSection
	GlobalSection(SolutionProperties) = preSolution
		HideSolutionNode = FALSE
	EndGlobalSection
	GlobalSection(ExtensibilityGlobals) = postSolution
		SolutionGuid = {7E0F9B9D-0E83-4588-B0E2-2190F7B4824F}
	EndGlobalSection
EndGlobal
